{
  "name": "Fitness-Tracker",
  "version": "1.0.0",
  "lockfileVersion": 1,
  "requires": true,
  "dependencies": {
    "fitness-health-calculations": {
      "version": "1.0.2",
      "resolved": "https://registry.npmjs.org/fitness-health-calculations/-/fitness-health-calculations-1.0.2.tgz",
      "integrity": "sha512-GPEKNFJCRosgKPHIMnTgvzfAJ5khiIwW2GxgEQ6oTFllQ1WM4BZnEl/Q3/es2uR54xgHGlmOQQzJd7v+Zm9L5g=="
    }
  }
}
